PODS:
  - Flutter (1.0.0)
  - flutter_localized_country_name (0.0.1):
    - Flutter

DEPENDENCIES:
  - Flutter (from `Flutter`)
  - flutter_localized_country_name (from `.symlinks/plugins/flutter_localized_country_name/ios`)

EXTERNAL SOURCES:
  Flutter:
    :path: Flutter
  flutter_localized_country_name:
    :path: ".symlinks/plugins/flutter_localized_country_name/ios"

SPEC CHECKSUMS:
  Flutter: 0e3d915762c693b495b44d77113d4970485de6ec
  flutter_localized_country_name: 7bdd5422e05fc996238ec9f5dc7c113a10daad35

PODFILE CHECKSUM: 1b66dae606f75376c5f2135a8290850eeb09ae83

COCOAPODS: 1.8.4
